
Microsoft Visual Studio Solution File, Format Version 12.00
# Visual Studio Version 17
VisualStudioVersion = 17.0.32014.148
MinimumVisualStudioVersion = 10.0.40219.1
Project("{FAE04EC0-301F-11D3-BF4B-00C04F79EFBC}") = "Task_22", "Task_22\Task_22.csproj", "{527E33D9-9727-4B53-9263-FB84BAF0D526}"
EndProject
Global
	GlobalSection(SolutionConfigurationPlatforms) = preSolution
		Debug|Any CPU = Debug|Any CPU
		Release|Any CPU = Release|Any CPU
	EndGlobalSection
	GlobalSection(ProjectConfigurationPlatforms) = postSolution
		{527E33D9-9727-4B53-9263-FB84BAF0D526}.Debug|Any CPU.ActiveCfg = Debug|Any CPU
		{527E33D9-9727-4B53-9263-FB84BAF0D526}.Debug|Any CPU.Build.0 = Debug|Any CPU
		{527E33D9-9727-4B53-9263-FB84BAF0D526}.Release|Any CPU.ActiveCfg = Release|Any CPU
		{527E33D9-9727-4B53-9263-FB84BAF0D526}.Release|Any CPU.Build.0 = Release|Any CPU
	EndGlobalSection
	GlobalSection(SolutionProperties) = preSolution
		HideSolutionNode = FALSE
	EndGlobalSection
	GlobalSection(ExtensibilityGlobals) = postSolution
		SolutionGuid = {AF207B60-480D-46A2-8255-ABC6155B00DF}
	EndGlobalSection
EndGlobal
